PODS:
  - FrameAccessor (2.0)
  - GPPerformance (1.0.0)
  - GPUIKit (1.0.0):
    - FrameAccessor (~> 2.0)
    - libextobjc (~> 0.6)
    - SDWebImage (~> 4.4.5)
  - libextobjc (0.6):
    - libextobjc/EXTADT (= 0.6)
    - libextobjc/EXTConcreteProtocol (= 0.6)
    - libextobjc/EXTKeyPathCoding (= 0.6)
    - libextobjc/EXTNil (= 0.6)
    - libextobjc/EXTSafeCategory (= 0.6)
    - libextobjc/EXTScope (= 0.6)
    - libextobjc/EXTSelectorChecking (= 0.6)
    - libextobjc/EXTSynthesize (= 0.6)
    - "libextobjc/NSInvocation+EXT (= 0.6)"
    - "libextobjc/NSMethodSignature+EXT (= 0.6)"
    - libextobjc/RuntimeExtensions (= 0.6)
    - libextobjc/UmbrellaHeader (= 0.6)
  - libextobjc/EXTADT (0.6):
    - libextobjc/RuntimeExtensions
  - libextobjc/EXTConcreteProtocol (0.6):
    - libextobjc/RuntimeExtensions
  - libextobjc/EXTKeyPathCoding (0.6):
    - libextobjc/RuntimeExtensions
  - libextobjc/EXTNil (0.6):
    - libextobjc/RuntimeExtensions
  - libextobjc/EXTSafeCategory (0.6):
    - libextobjc/RuntimeExtensions
  - libextobjc/EXTScope (0.6):
    - libextobjc/RuntimeExtensions
  - libextobjc/EXTSelectorChecking (0.6):
    - libextobjc/RuntimeExtensions
  - libextobjc/EXTSynthesize (0.6):
    - libextobjc/RuntimeExtensions
  - "libextobjc/NSInvocation+EXT (0.6)":
    - libextobjc/RuntimeExtensions
  - "libextobjc/NSMethodSignature+EXT (0.6)":
    - libextobjc/RuntimeExtensions
  - libextobjc/RuntimeExtensions (0.6)
  - libextobjc/UmbrellaHeader (0.6)
  - SDWebImage (4.4.6):
    - SDWebImage/Core (= 4.4.6)
  - SDWebImage/Core (4.4.6)

DEPENDENCIES:
  - FrameAccessor (~> 2.0)
  - GPPerformance (from `./GPPerformance/`)
  - GPUIKit (from `./GPUIKit/`)

SPEC REPOS:
  https://github.com/cocoapods/specs.git:
    - FrameAccessor
    - libextobjc
    - SDWebImage

EXTERNAL SOURCES:
  GPPerformance:
    :path: "./GPPerformance/"
  GPUIKit:
    :path: "./GPUIKit/"

SPEC CHECKSUMS:
  FrameAccessor: 443a13e58e23a10ff22180da0897b28c3f6abf66
  GPPerformance: 9e5a80308d0526a43e343adc1e23cd82fd5a1646
  GPUIKit: 4fdf4064a9678a2bdb14f06c8585f403cc62b860
  libextobjc: aed8b7d2b07f511c1a7ecaacb33ea03e327c69b7
  SDWebImage: 3f3f0c02f09798048c47a5ed0a13f17b063572d8

PODFILE CHECKSUM: 13d7638a22ead5b2a469facb979da2f72b44d742

COCOAPODS: 1.5.3
