// !$*UTF8*$!
{
	archiveVersion = 1;
	classes = {
	};
	objectVersion = 50;
	objects = {

/* Begin PBXBuildFile section */
		38E031786C41F4642C648819 /* libPods-GPKitDemo.a in Frameworks */ = {isa = PBXBuildFile; fileRef = 3DB4A1414331E96A20DF63AE /* libPods-GPKitDemo.a */; };
		D79B2E332285700B00D82858 /* Images.xcassets in Resources */ = {isa = PBXBuildFile; fileRef = D79B2E322285700B00D82858 /* Images.xcassets */; };
		D79B2E3F2285739200D82858 /* GPUIKitViewController.m in Sources */ = {isa = PBXBuildFile; fileRef = D79B2E3E2285739200D82858 /* GPUIKitViewController.m */; };
		D79B2E42228573A100D82858 /* EZKitViewController.m in Sources */ = {isa = PBXBuildFile; fileRef = D79B2E41228573A100D82858 /* EZKitViewController.m */; };
		D79B2E45228573B200D82858 /* GPMoreViewController.m in Sources */ = {isa = PBXBuildFile; fileRef = D79B2E44228573B200D82858 /* GPMoreViewController.m */; };
		D79B2E6F22857DC300D82858 /* CYLHomeViewController.m in Sources */ = {isa = PBXBuildFile; fileRef = D79B2E5322857DC300D82858 /* CYLHomeViewController.m */; };
		D79B2E7022857DC300D82858 /* CYLSameCityViewController.m in Sources */ = {isa = PBXBuildFile; fileRef = D79B2E5622857DC300D82858 /* CYLSameCityViewController.m */; };
		D79B2E7122857DC300D82858 /* CYLDetailsViewController.m in Sources */ = {isa = PBXBuildFile; fileRef = D79B2E5722857DC300D82858 /* CYLDetailsViewController.m */; };
		D79B2E7222857DC300D82858 /* CYLPlusDemoChildViewController.m in Sources */ = {isa = PBXBuildFile; fileRef = D79B2E5B22857DC300D82858 /* CYLPlusDemoChildViewController.m */; };
		D79B2E7322857DC300D82858 /* CYLMessageViewController.m in Sources */ = {isa = PBXBuildFile; fileRef = D79B2E5D22857DC300D82858 /* CYLMessageViewController.m */; };
		D79B2E7422857DC300D82858 /* CYLMineViewController.m in Sources */ = {isa = PBXBuildFile; fileRef = D79B2E6022857DC300D82858 /* CYLMineViewController.m */; };
		D79B2E7522857DC300D82858 /* tab_me_animate.json in Resources */ = {isa = PBXBuildFile; fileRef = D79B2E6422857DC300D82858 /* tab_me_animate.json */; };
		D79B2E7622857DC300D82858 /* tab_home_animate.json in Resources */ = {isa = PBXBuildFile; fileRef = D79B2E6522857DC300D82858 /* tab_home_animate.json */; };
		D79B2E7722857DC300D82858 /* tab_search_animate.json in Resources */ = {isa = PBXBuildFile; fileRef = D79B2E6622857DC300D82858 /* tab_search_animate.json */; };
		D79B2E7822857DC300D82858 /* tab_message_animate.json in Resources */ = {isa = PBXBuildFile; fileRef = D79B2E6722857DC300D82858 /* tab_message_animate.json */; };
		D79B2E7922857DC300D82858 /* CYLPlusButtonSubclass.m in Sources */ = {isa = PBXBuildFile; fileRef = D79B2E6A22857DC300D82858 /* CYLPlusButtonSubclass.m */; };
		D79B2E7A22857DC300D82858 /* CYLMainRootViewController.m in Sources */ = {isa = PBXBuildFile; fileRef = D79B2E6B22857DC300D82858 /* CYLMainRootViewController.m */; };
		D79B2E7B22857DC300D82858 /* MainTabBarController.m in Sources */ = {isa = PBXBuildFile; fileRef = D79B2E6E22857DC300D82858 /* MainTabBarController.m */; };
		D7A863F5228A61D800E35569 /* CoobjcViewController.m in Sources */ = {isa = PBXBuildFile; fileRef = D7A863F4228A61D800E35569 /* CoobjcViewController.m */; };
		D7A86431228A91B700E35569 /* Co2ViewController.m in Sources */ = {isa = PBXBuildFile; fileRef = D7A86430228A91B700E35569 /* Co2ViewController.m */; };
		D7A86434228A921C00E35569 /* GPRouteDomain.m in Sources */ = {isa = PBXBuildFile; fileRef = D7A86433228A921C00E35569 /* GPRouteDomain.m */; };
		D7E9A2972272FC8900CAEE53 /* AppDelegate.m in Sources */ = {isa = PBXBuildFile; fileRef = D7E9A2962272FC8900CAEE53 /* AppDelegate.m */; };
		D7E9A29A2272FC8900CAEE53 /* ViewController.m in Sources */ = {isa = PBXBuildFile; fileRef = D7E9A2992272FC8900CAEE53 /* ViewController.m */; };
		D7E9A29D2272FC8900CAEE53 /* Main.storyboard in Resources */ = {isa = PBXBuildFile; fileRef = D7E9A29B2272FC8900CAEE53 /* Main.storyboard */; };
		D7E9A29F2272FC8A00CAEE53 /* Assets.xcassets in Resources */ = {isa = PBXBuildFile; fileRef = D7E9A29E2272FC8A00CAEE53 /* Assets.xcassets */; };
		D7E9A2A22272FC8A00CAEE53 /* LaunchScreen.storyboard in Resources */ = {isa = PBXBuildFile; fileRef = D7E9A2A02272FC8A00CAEE53 /* LaunchScreen.storyboard */; };
		D7E9A2A52272FC8A00CAEE53 /* main.m in Sources */ = {isa = PBXBuildFile; fileRef = D7E9A2A42272FC8A00CAEE53 /* main.m */; };
/* End PBXBuildFile section */

/* Begin PBXFileReference section */
		12B301AE436DBE939E063DE3 /* Pods-GPKitDemo.debug.xcconfig */ = {isa = PBXFileReference; includeInIndex = 1; lastKnownFileType = text.xcconfig; name = "Pods-GPKitDemo.debug.xcconfig"; path = "../Pods/Target Support Files/Pods-GPKitDemo/Pods-GPKitDemo.debug.xcconfig"; sourceTree = "<group>"; };
		29E840727FB89A311CBC3E8D /* Pods-GPUIKitDemo.release.xcconfig */ = {isa = PBXFileReference; includeInIndex = 1; lastKnownFileType = text.xcconfig; name = "Pods-GPUIKitDemo.release.xcconfig"; path = "../Pods/Target Support Files/Pods-GPUIKitDemo/Pods-GPUIKitDemo.release.xcconfig"; sourceTree = "<group>"; };
		387E15268C65C69FC6F306C1 /* Pods-GPUIKitDemo.debug.xcconfig */ = {isa = PBXFileReference; includeInIndex = 1; lastKnownFileType = text.xcconfig; name = "Pods-GPUIKitDemo.debug.xcconfig"; path = "../Pods/Target Support Files/Pods-GPUIKitDemo/Pods-GPUIKitDemo.debug.xcconfig"; sourceTree = "<group>"; };
		3DB4A1414331E96A20DF63AE /* libPods-GPKitDemo.a */ = {isa = PBXFileReference; explicitFileType = archive.ar; includeInIndex = 0; path = "libPods-GPKitDemo.a"; sourceTree = BUILT_PRODUCTS_DIR; };
		7269A762F0B477F4FBABA37D /* Pods-GPKitDemo.release.xcconfig */ = {isa = PBXFileReference; includeInIndex = 1; lastKnownFileType = text.xcconfig; name = "Pods-GPKitDemo.release.xcconfig"; path = "../Pods/Target Support Files/Pods-GPKitDemo/Pods-GPKitDemo.release.xcconfig"; sourceTree = "<group>"; };
		C0CF65C469B170783A90BEA1 /* libPods-GPUIKitDemo.a */ = {isa = PBXFileReference; explicitFileType = archive.ar; includeInIndex = 0; path = "libPods-GPUIKitDemo.a"; sourceTree = BUILT_PRODUCTS_DIR; };
		D7897B2F22759F320095CD53 /* ImageIO.framework */ = {isa = PBXFileReference; lastKnownFileType = wrapper.framework; name = ImageIO.framework; path = System/Library/Frameworks/ImageIO.framework; sourceTree = SDKROOT; };
		D79B2E2E2285669A00D82858 /* GPKitDemo.pch */ = {isa = PBXFileReference; lastKnownFileType = sourcecode.c.h; path = GPKitDemo.pch; sourceTree = "<group>"; };
		D79B2E322285700B00D82858 /* Images.xcassets */ = {isa = PBXFileReference; lastKnownFileType = folder.assetcatalog; path = Images.xcassets; sourceTree = "<group>"; };
		D79B2E3D2285739200D82858 /* GPUIKitViewController.h */ = {isa = PBXFileReference; lastKnownFileType = sourcecode.c.h; path = GPUIKitViewController.h; sourceTree = "<group>"; };
		D79B2E3E2285739200D82858 /* GPUIKitViewController.m */ = {isa = PBXFileReference; lastKnownFileType = sourcecode.c.objc; path = GPUIKitViewController.m; sourceTree = "<group>"; };
		D79B2E40228573A100D82858 /* EZKitViewController.h */ = {isa = PBXFileReference; lastKnownFileType = sourcecode.c.h; path = EZKitViewController.h; sourceTree = "<group>"; };
		D79B2E41228573A100D82858 /* EZKitViewController.m */ = {isa = PBXFileReference; lastKnownFileType = sourcecode.c.objc; path = EZKitViewController.m; sourceTree = "<group>"; };
		D79B2E43228573B200D82858 /* GPMoreViewController.h */ = {isa = PBXFileReference; lastKnownFileType = sourcecode.c.h; path = GPMoreViewController.h; sourceTree = "<group>"; };
		D79B2E44228573B200D82858 /* GPMoreViewController.m */ = {isa = PBXFileReference; lastKnownFileType = sourcecode.c.objc; path = GPMoreViewController.m; sourceTree = "<group>"; };
		D79B2E5222857DC300D82858 /* CYLHomeViewController.h */ = {isa = PBXFileReference; fileEncoding = 4; lastKnownFileType = sourcecode.c.h; path = CYLHomeViewController.h; sourceTree = "<group>"; };
		D79B2E5322857DC300D82858 /* CYLHomeViewController.m */ = {isa = PBXFileReference; fileEncoding = 4; lastKnownFileType = sourcecode.c.objc; path = CYLHomeViewController.m; sourceTree = "<group>"; };
		D79B2E5522857DC300D82858 /* CYLDetailsViewController.h */ = {isa = PBXFileReference; fileEncoding = 4; lastKnownFileType = sourcecode.c.h; path = CYLDetailsViewController.h; sourceTree = "<group>"; };
		D79B2E5622857DC300D82858 /* CYLSameCityViewController.m */ = {isa = PBXFileReference; fileEncoding = 4; lastKnownFileType = sourcecode.c.objc; path = CYLSameCityViewController.m; sourceTree = "<group>"; };
		D79B2E5722857DC300D82858 /* CYLDetailsViewController.m */ = {isa = PBXFileReference; fileEncoding = 4; lastKnownFileType = sourcecode.c.objc; path = CYLDetailsViewController.m; sourceTree = "<group>"; };
		D79B2E5822857DC300D82858 /* CYLSameCityViewController.h */ = {isa = PBXFileReference; fileEncoding = 4; lastKnownFileType = sourcecode.c.h; path = CYLSameCityViewController.h; sourceTree = "<group>"; };
		D79B2E5A22857DC300D82858 /* CYLPlusDemoChildViewController.h */ = {isa = PBXFileReference; fileEncoding = 4; lastKnownFileType = sourcecode.c.h; path = CYLPlusDemoChildViewController.h; sourceTree = "<group>"; };
		D79B2E5B22857DC300D82858 /* CYLPlusDemoChildViewController.m */ = {isa = PBXFileReference; fileEncoding = 4; lastKnownFileType = sourcecode.c.objc; path = CYLPlusDemoChildViewController.m; sourceTree = "<group>"; };
		D79B2E5D22857DC300D82858 /* CYLMessageViewController.m */ = {isa = PBXFileReference; fileEncoding = 4; lastKnownFileType = sourcecode.c.objc; path = CYLMessageViewController.m; sourceTree = "<group>"; };
		D79B2E5E22857DC300D82858 /* CYLMessageViewController.h */ = {isa = PBXFileReference; fileEncoding = 4; lastKnownFileType = sourcecode.c.h; path = CYLMessageViewController.h; sourceTree = "<group>"; };
		D79B2E6022857DC300D82858 /* CYLMineViewController.m */ = {isa = PBXFileReference; fileEncoding = 4; lastKnownFileType = sourcecode.c.objc; path = CYLMineViewController.m; sourceTree = "<group>"; };
		D79B2E6122857DC300D82858 /* CYLMineViewController.h */ = {isa = PBXFileReference; fileEncoding = 4; lastKnownFileType = sourcecode.c.h; path = CYLMineViewController.h; sourceTree = "<group>"; };
		D79B2E6422857DC300D82858 /* tab_me_animate.json */ = {isa = PBXFileReference; fileEncoding = 4; lastKnownFileType = text.json; path = tab_me_animate.json; sourceTree = "<group>"; };
		D79B2E6522857DC300D82858 /* tab_home_animate.json */ = {isa = PBXFileReference; fileEncoding = 4; lastKnownFileType = text.json; path = tab_home_animate.json; sourceTree = "<group>"; };
		D79B2E6622857DC300D82858 /* tab_search_animate.json */ = {isa = PBXFileReference; fileEncoding = 4; lastKnownFileType = text.json; path = tab_search_animate.json; sourceTree = "<group>"; };
		D79B2E6722857DC300D82858 /* tab_message_animate.json */ = {isa = PBXFileReference; fileEncoding = 4; lastKnownFileType = text.json; path = tab_message_animate.json; sourceTree = "<group>"; };
		D79B2E6922857DC300D82858 /* CYLPlusButtonSubclass.h */ = {isa = PBXFileReference; fileEncoding = 4; lastKnownFileType = sourcecode.c.h; path = CYLPlusButtonSubclass.h; sourceTree = "<group>"; };
		D79B2E6A22857DC300D82858 /* CYLPlusButtonSubclass.m */ = {isa = PBXFileReference; fileEncoding = 4; lastKnownFileType = sourcecode.c.objc; path = CYLPlusButtonSubclass.m; sourceTree = "<group>"; };
		D79B2E6B22857DC300D82858 /* CYLMainRootViewController.m */ = {isa = PBXFileReference; fileEncoding = 4; lastKnownFileType = sourcecode.c.objc; path = CYLMainRootViewController.m; sourceTree = "<group>"; };
		D79B2E6C22857DC300D82858 /* CYLMainRootViewController.h */ = {isa = PBXFileReference; fileEncoding = 4; lastKnownFileType = sourcecode.c.h; path = CYLMainRootViewController.h; sourceTree = "<group>"; };
		D79B2E6D22857DC300D82858 /* MainTabBarController.h */ = {isa = PBXFileReference; fileEncoding = 4; lastKnownFileType = sourcecode.c.h; path = MainTabBarController.h; sourceTree = "<group>"; };
		D79B2E6E22857DC300D82858 /* MainTabBarController.m */ = {isa = PBXFileReference; fileEncoding = 4; lastKnownFileType = sourcecode.c.objc; path = MainTabBarController.m; sourceTree = "<group>"; };
		D7A863F3228A61D800E35569 /* CoobjcViewController.h */ = {isa = PBXFileReference; lastKnownFileType = sourcecode.c.h; path = CoobjcViewController.h; sourceTree = "<group>"; };
		D7A863F4228A61D800E35569 /* CoobjcViewController.m */ = {isa = PBXFileReference; lastKnownFileType = sourcecode.c.objc; path = CoobjcViewController.m; sourceTree = "<group>"; };
		D7A8642F228A91B700E35569 /* Co2ViewController.h */ = {isa = PBXFileReference; lastKnownFileType = sourcecode.c.h; path = Co2ViewController.h; sourceTree = "<group>"; };
		D7A86430228A91B700E35569 /* Co2ViewController.m */ = {isa = PBXFileReference; lastKnownFileType = sourcecode.c.objc; path = Co2ViewController.m; sourceTree = "<group>"; };
		D7A86432228A921C00E35569 /* GPRouteDomain.h */ = {isa = PBXFileReference; lastKnownFileType = sourcecode.c.h; path = GPRouteDomain.h; sourceTree = "<group>"; };
		D7A86433228A921C00E35569 /* GPRouteDomain.m */ = {isa = PBXFileReference; lastKnownFileType = sourcecode.c.objc; path = GPRouteDomain.m; sourceTree = "<group>"; };
		D7E9A2922272FC8900CAEE53 /* GPKitDemo.app */ = {isa = PBXFileReference; explicitFileType = wrapper.application; includeInIndex = 0; path = GPKitDemo.app; sourceTree = BUILT_PRODUCTS_DIR; };
		D7E9A2952272FC8900CAEE53 /* AppDelegate.h */ = {isa = PBXFileReference; lastKnownFileType = sourcecode.c.h; path = AppDelegate.h; sourceTree = "<group>"; };
		D7E9A2962272FC8900CAEE53 /* AppDelegate.m */ = {isa = PBXFileReference; lastKnownFileType = sourcecode.c.objc; path = AppDelegate.m; sourceTree = "<group>"; };
		D7E9A2982272FC8900CAEE53 /* ViewController.h */ = {isa = PBXFileReference; lastKnownFileType = sourcecode.c.h; path = ViewController.h; sourceTree = "<group>"; };
		D7E9A2992272FC8900CAEE53 /* ViewController.m */ = {isa = PBXFileReference; lastKnownFileType = sourcecode.c.objc; path = ViewController.m; sourceTree = "<group>"; };
		D7E9A29C2272FC8900CAEE53 /* Base */ = {isa = PBXFileReference; lastKnownFileType = file.storyboard; name = Base; path = Base.lproj/Main.storyboard; sourceTree = "<group>"; };
		D7E9A29E2272FC8A00CAEE53 /* Assets.xcassets */ = {isa = PBXFileReference; lastKnownFileType = folder.assetcatalog; path = Assets.xcassets; sourceTree = "<group>"; };
		D7E9A2A12272FC8A00CAEE53 /* Base */ = {isa = PBXFileReference; lastKnownFileType = file.storyboard; name = Base; path = Base.lproj/LaunchScreen.storyboard; sourceTree = "<group>"; };
		D7E9A2A32272FC8A00CAEE53 /* Info.plist */ = {isa = PBXFileReference; lastKnownFileType = text.plist.xml; path = Info.plist; sourceTree = "<group>"; };
		D7E9A2A42272FC8A00CAEE53 /* main.m */ = {isa = PBXFileReference; lastKnownFileType = sourcecode.c.objc; path = main.m; sourceTree = "<group>"; };
/* End PBXFileReference section */

/* Begin PBXFrameworksBuildPhase section */
		D7E9A28F2272FC8900CAEE53 /* Frameworks */ = {
			isa = PBXFrameworksBuildPhase;
			buildActionMask = 2147483647;
			files = (
				38E031786C41F4642C648819 /* libPods-GPKitDemo.a in Frameworks */,
			);
			runOnlyForDeploymentPostprocessing = 0;
		};
/* End PBXFrameworksBuildPhase section */

/* Begin PBXGroup section */
		7C730C7B951324956AF99BA0 /* Frameworks */ = {
			isa = PBXGroup;
			children = (
				D7897B2F22759F320095CD53 /* ImageIO.framework */,
				C0CF65C469B170783A90BEA1 /* libPods-GPUIKitDemo.a */,
				3DB4A1414331E96A20DF63AE /* libPods-GPKitDemo.a */,
			);
			name = Frameworks;
			sourceTree = "<group>";
		};
		941ED0D89E80A8BAB15F4649 /* Pods */ = {
			isa = PBXGroup;
			children = (
				387E15268C65C69FC6F306C1 /* Pods-GPUIKitDemo.debug.xcconfig */,
				29E840727FB89A311CBC3E8D /* Pods-GPUIKitDemo.release.xcconfig */,
				12B301AE436DBE939E063DE3 /* Pods-GPKitDemo.debug.xcconfig */,
				7269A762F0B477F4FBABA37D /* Pods-GPKitDemo.release.xcconfig */,
			);
			name = Pods;
			sourceTree = "<group>";
		};
		D79B2E2C2285663000D82858 /* Support */ = {
			isa = PBXGroup;
			children = (
				D79B2E322285700B00D82858 /* Images.xcassets */,
				D7E9A29E2272FC8A00CAEE53 /* Assets.xcassets */,
				D7E9A2952272FC8900CAEE53 /* AppDelegate.h */,
				D7E9A2962272FC8900CAEE53 /* AppDelegate.m */,
				D7E9A2982272FC8900CAEE53 /* ViewController.h */,
				D7E9A2992272FC8900CAEE53 /* ViewController.m */,
				D7E9A29B2272FC8900CAEE53 /* Main.storyboard */,
				D7E9A2A02272FC8A00CAEE53 /* LaunchScreen.storyboard */,
				D7E9A2A32272FC8A00CAEE53 /* Info.plist */,
				D7E9A2A42272FC8A00CAEE53 /* main.m */,
			);
			path = Support;
			sourceTree = "<group>";
		};
		D79B2E2D2285666B00D82858 /* MainFrame */ = {
			isa = PBXGroup;
			children = (
				D79B2E4F22857DC300D82858 /* Classes */,
				D79B2E6C22857DC300D82858 /* CYLMainRootViewController.h */,
				D79B2E6B22857DC300D82858 /* CYLMainRootViewController.m */,
				D79B2E6D22857DC300D82858 /* MainTabBarController.h */,
				D79B2E6E22857DC300D82858 /* MainTabBarController.m */,
			);
			path = MainFrame;
			sourceTree = "<group>";
		};
		D79B2E2F228566A100D82858 /* Common */ = {
			isa = PBXGroup;
			children = (
				D79B2E2E2285669A00D82858 /* GPKitDemo.pch */,
				D7A86432228A921C00E35569 /* GPRouteDomain.h */,
				D7A86433228A921C00E35569 /* GPRouteDomain.m */,
			);
			path = Common;
			sourceTree = "<group>";
		};
		D79B2E3A2285735100D82858 /* UIKitTest */ = {
			isa = PBXGroup;
			children = (
				D79B2E3D2285739200D82858 /* GPUIKitViewController.h */,
				D79B2E3E2285739200D82858 /* GPUIKitViewController.m */,
			);
			path = UIKitTest;
			sourceTree = "<group>";
		};
		D79B2E3B2285736200D82858 /* EZReactTest */ = {
			isa = PBXGroup;
			children = (
				D79B2E40228573A100D82858 /* EZKitViewController.h */,
				D79B2E41228573A100D82858 /* EZKitViewController.m */,
			);
			path = EZReactTest;
			sourceTree = "<group>";
		};
		D79B2E3C2285737000D82858 /* MoreTest */ = {
			isa = PBXGroup;
			children = (
				D79B2E43228573B200D82858 /* GPMoreViewController.h */,
				D79B2E44228573B200D82858 /* GPMoreViewController.m */,
			);
			path = MoreTest;
			sourceTree = "<group>";
		};
		D79B2E4F22857DC300D82858 /* Classes */ = {
			isa = PBXGroup;
			children = (
				D79B2E5022857DC300D82858 /* Module */,
				D79B2E6222857DC300D82858 /* Other */,
				D79B2E6822857DC300D82858 /* View */,
			);
			path = Classes;
			sourceTree = "<group>";
		};
		D79B2E5022857DC300D82858 /* Module */ = {
			isa = PBXGroup;
			children = (
				D79B2E5122857DC300D82858 /* Home */,
				D79B2E5422857DC300D82858 /* SameCity */,
				D79B2E5922857DC300D82858 /* Other */,
				D79B2E5C22857DC300D82858 /* Message */,
				D79B2E5F22857DC300D82858 /* Mine */,
			);
			path = Module;
			sourceTree = "<group>";
		};
		D79B2E5122857DC300D82858 /* Home */ = {
			isa = PBXGroup;
			children = (
				D79B2E5222857DC300D82858 /* CYLHomeViewController.h */,
				D79B2E5322857DC300D82858 /* CYLHomeViewController.m */,
			);
			path = Home;
			sourceTree = "<group>";
		};
		D79B2E5422857DC300D82858 /* SameCity */ = {
			isa = PBXGroup;
			children = (
				D79B2E5522857DC300D82858 /* CYLDetailsViewController.h */,
				D79B2E5622857DC300D82858 /* CYLSameCityViewController.m */,
				D79B2E5722857DC300D82858 /* CYLDetailsViewController.m */,
				D79B2E5822857DC300D82858 /* CYLSameCityViewController.h */,
			);
			path = SameCity;
			sourceTree = "<group>";
		};
		D79B2E5922857DC300D82858 /* Other */ = {
			isa = PBXGroup;
			children = (
				D79B2E5A22857DC300D82858 /* CYLPlusDemoChildViewController.h */,
				D79B2E5B22857DC300D82858 /* CYLPlusDemoChildViewController.m */,
			);
			path = Other;
			sourceTree = "<group>";
		};
		D79B2E5C22857DC300D82858 /* Message */ = {
			isa = PBXGroup;
			children = (
				D79B2E5D22857DC300D82858 /* CYLMessageViewController.m */,
				D79B2E5E22857DC300D82858 /* CYLMessageViewController.h */,
			);
			path = Message;
			sourceTree = "<group>";
		};
		D79B2E5F22857DC300D82858 /* Mine */ = {
			isa = PBXGroup;
			children = (
				D79B2E6022857DC300D82858 /* CYLMineViewController.m */,
				D79B2E6122857DC300D82858 /* CYLMineViewController.h */,
			);
			path = Mine;
			sourceTree = "<group>";
		};
		D79B2E6222857DC300D82858 /* Other */ = {
			isa = PBXGroup;
			children = (
				D79B2E6322857DC300D82858 /* LottieResources */,
			);
			path = Other;
			sourceTree = "<group>";
		};
		D79B2E6322857DC300D82858 /* LottieResources */ = {
			isa = PBXGroup;
			children = (
				D79B2E6422857DC300D82858 /* tab_me_animate.json */,
				D79B2E6522857DC300D82858 /* tab_home_animate.json */,
				D79B2E6622857DC300D82858 /* tab_search_animate.json */,
				D79B2E6722857DC300D82858 /* tab_message_animate.json */,
			);
			path = LottieResources;
			sourceTree = "<group>";
		};
		D79B2E6822857DC300D82858 /* View */ = {
			isa = PBXGroup;
			children = (
				D79B2E6922857DC300D82858 /* CYLPlusButtonSubclass.h */,
				D79B2E6A22857DC300D82858 /* CYLPlusButtonSubclass.m */,
			);
			path = View;
			sourceTree = "<group>";
		};
		D7A863F2228A61B900E35569 /* CoobjcTest */ = {
			isa = PBXGroup;
			children = (
				D7A863F3228A61D800E35569 /* CoobjcViewController.h */,
				D7A863F4228A61D800E35569 /* CoobjcViewController.m */,
				D7A8642F228A91B700E35569 /* Co2ViewController.h */,
				D7A86430228A91B700E35569 /* Co2ViewController.m */,
			);
			path = CoobjcTest;
			sourceTree = "<group>";
		};
		D7E9A2892272FC8900CAEE53 = {
			isa = PBXGroup;
			children = (
				D7E9A2942272FC8900CAEE53 /* GPKitDemo */,
				D7E9A2932272FC8900CAEE53 /* Products */,
				941ED0D89E80A8BAB15F4649 /* Pods */,
				7C730C7B951324956AF99BA0 /* Frameworks */,
			);
			sourceTree = "<group>";
		};
		D7E9A2932272FC8900CAEE53 /* Products */ = {
			isa = PBXGroup;
			children = (
				D7E9A2922272FC8900CAEE53 /* GPKitDemo.app */,
			);
			name = Products;
			sourceTree = "<group>";
		};
		D7E9A2942272FC8900CAEE53 /* GPKitDemo */ = {
			isa = PBXGroup;
			children = (
				D79B2E2F228566A100D82858 /* Common */,
				D79B2E3C2285737000D82858 /* MoreTest */,
				D7A863F2228A61B900E35569 /* CoobjcTest */,
				D79B2E3B2285736200D82858 /* EZReactTest */,
				D79B2E3A2285735100D82858 /* UIKitTest */,
				D79B2E2D2285666B00D82858 /* MainFrame */,
				D79B2E2C2285663000D82858 /* Support */,
			);
			path = GPKitDemo;
			sourceTree = "<group>";
		};
/* End PBXGroup section */

/* Begin PBXNativeTarget section */
		D7E9A2912272FC8900CAEE53 /* GPKitDemo */ = {
			isa = PBXNativeTarget;
			buildConfigurationList = D7E9A2A82272FC8A00CAEE53 /* Build configuration list for PBXNativeTarget "GPKitDemo" */;
			buildPhases = (
				A80DBE1110C059BEF8001FBE /* [CP] Check Pods Manifest.lock */,
				D7E9A28E2272FC8900CAEE53 /* Sources */,
				D7E9A28F2272FC8900CAEE53 /* Frameworks */,
				D7E9A2902272FC8900CAEE53 /* Resources */,
			);
			buildRules = (
			);
			dependencies = (
			);
			name = GPKitDemo;
			productName = GPUIKitDemo;
			productReference = D7E9A2922272FC8900CAEE53 /* GPKitDemo.app */;
			productType = "com.apple.product-type.application";
		};
/* End PBXNativeTarget section */

/* Begin PBXProject section */
		D7E9A28A2272FC8900CAEE53 /* Project object */ = {
			isa = PBXProject;
			attributes = {
				LastUpgradeCheck = 1010;
				ORGANIZATIONNAME = Liyanwei;
				TargetAttributes = {
					D7E9A2912272FC8900CAEE53 = {
						CreatedOnToolsVersion = 10.1;
					};
				};
			};
			buildConfigurationList = D7E9A28D2272FC8900CAEE53 /* Build configuration list for PBXProject "GPKitDemo" */;
			compatibilityVersion = "Xcode 9.3";
			developmentRegion = en;
			hasScannedForEncodings = 0;
			knownRegions = (
				en,
				Base,
			);
			mainGroup = D7E9A2892272FC8900CAEE53;
			productRefGroup = D7E9A2932272FC8900CAEE53 /* Products */;
			projectDirPath = "";
			projectRoot = "";
			targets = (
				D7E9A2912272FC8900CAEE53 /* GPKitDemo */,
			);
		};
/* End PBXProject section */

/* Begin PBXResourcesBuildPhase section */
		D7E9A2902272FC8900CAEE53 /* Resources */ = {
			isa = PBXResourcesBuildPhase;
			buildActionMask = 2147483647;
			files = (
				D79B2E7522857DC300D82858 /* tab_me_animate.json in Resources */,
				D79B2E7822857DC300D82858 /* tab_message_animate.json in Resources */,
				D7E9A2A22272FC8A00CAEE53 /* LaunchScreen.storyboard in Resources */,
				D79B2E7622857DC300D82858 /* tab_home_animate.json in Resources */,
				D79B2E332285700B00D82858 /* Images.xcassets in Resources */,
				D79B2E7722857DC300D82858 /* tab_search_animate.json in Resources */,
				D7E9A29F2272FC8A00CAEE53 /* Assets.xcassets in Resources */,
				D7E9A29D2272FC8900CAEE53 /* Main.storyboard in Resources */,
			);
			runOnlyForDeploymentPostprocessing = 0;
		};
/* End PBXResourcesBuildPhase section */

/* Begin PBXShellScriptBuildPhase section */
		A80DBE1110C059BEF8001FBE /* [CP] Check Pods Manifest.lock */ = {
			isa = PBXShellScriptBuildPhase;
			buildActionMask = 2147483647;
			files = (
			);
			inputPaths = (
				"${PODS_PODFILE_DIR_PATH}/Podfile.lock",
				"${PODS_ROOT}/Manifest.lock",
			);
			name = "[CP] Check Pods Manifest.lock";
			outputPaths = (
				"$(DERIVED_FILE_DIR)/Pods-GPKitDemo-checkManifestLockResult.txt",
			);
			runOnlyForDeploymentPostprocessing = 0;
			shellPath = /bin/sh;
			shellScript = "diff \"${PODS_PODFILE_DIR_PATH}/Podfile.lock\" \"${PODS_ROOT}/Manifest.lock\" > /dev/null\nif [ $? != 0 ] ; then\n    # print error to STDERR\n    echo \"error: The sandbox is not in sync with the Podfile.lock. Run 'pod install' or update your CocoaPods installation.\" >&2\n    exit 1\nfi\n# This output is used by Xcode 'outputs' to avoid re-running this script phase.\necho \"SUCCESS\" > \"${SCRIPT_OUTPUT_FILE_0}\"\n";
			showEnvVarsInLog = 0;
		};
/* End PBXShellScriptBuildPhase section */

/* Begin PBXSourcesBuildPhase section */
		D7E9A28E2272FC8900CAEE53 /* Sources */ = {
			isa = PBXSourcesBuildPhase;
			buildActionMask = 2147483647;
			files = (
				D7A863F5228A61D800E35569 /* CoobjcViewController.m in Sources */,
				D79B2E6F22857DC300D82858 /* CYLHomeViewController.m in Sources */,
				D7E9A29A2272FC8900CAEE53 /* ViewController.m in Sources */,
				D7E9A2A52272FC8A00CAEE53 /* main.m in Sources */,
				D79B2E3F2285739200D82858 /* GPUIKitViewController.m in Sources */,
				D79B2E7922857DC300D82858 /* CYLPlusButtonSubclass.m in Sources */,
				D79B2E7322857DC300D82858 /* CYLMessageViewController.m in Sources */,
				D7A86431228A91B700E35569 /* Co2ViewController.m in Sources */,
				D79B2E7022857DC300D82858 /* CYLSameCityViewController.m in Sources */,
				D79B2E42228573A100D82858 /* EZKitViewController.m in Sources */,
				D7A86434228A921C00E35569 /* GPRouteDomain.m in Sources */,
				D79B2E7222857DC300D82858 /* CYLPlusDemoChildViewController.m in Sources */,
				D79B2E45228573B200D82858 /* GPMoreViewController.m in Sources */,
				D7E9A2972272FC8900CAEE53 /* AppDelegate.m in Sources */,
				D79B2E7B22857DC300D82858 /* MainTabBarController.m in Sources */,
				D79B2E7422857DC300D82858 /* CYLMineViewController.m in Sources */,
				D79B2E7A22857DC300D82858 /* CYLMainRootViewController.m in Sources */,
				D79B2E7122857DC300D82858 /* CYLDetailsViewController.m in Sources */,
			);
			runOnlyForDeploymentPostprocessing = 0;
		};
/* End PBXSourcesBuildPhase section */

/* Begin PBXVariantGroup section */
		D7E9A29B2272FC8900CAEE53 /* Main.storyboard */ = {
			isa = PBXVariantGroup;
			children = (
				D7E9A29C2272FC8900CAEE53 /* Base */,
			);
			name = Main.storyboard;
			sourceTree = "<group>";
		};
		D7E9A2A02272FC8A00CAEE53 /* LaunchScreen.storyboard */ = {
			isa = PBXVariantGroup;
			children = (
				D7E9A2A12272FC8A00CAEE53 /* Base */,
			);
			name = LaunchScreen.storyboard;
			sourceTree = "<group>";
		};
/* End PBXVariantGroup section */

/* Begin XCBuildConfiguration section */
		D7E9A2A62272FC8A00CAEE53 /* Debug */ = {
			isa = XCBuildConfiguration;
			buildSettings = {
				ALWAYS_SEARCH_USER_PATHS = NO;
				CLANG_ANALYZER_NONNULL = YES;
				CLANG_ANALYZER_NUMBER_OBJECT_CONVERSION = YES_AGGRESSIVE;
				CLANG_CXX_LANGUAGE_STANDARD = "gnu++14";
				CLANG_CXX_LIBRARY = "libc++";
				CLANG_ENABLE_MODULES = YES;
				CLANG_ENABLE_OBJC_ARC = YES;
				CLANG_ENABLE_OBJC_WEAK = YES;
				CLANG_WARN_BLOCK_CAPTURE_AUTORELEASING = YES;
				CLANG_WARN_BOOL_CONVERSION = YES;
				CLANG_WARN_COMMA = YES;
				CLANG_WARN_CONSTANT_CONVERSION = YES;
				CLANG_WARN_DEPRECATED_OBJC_IMPLEMENTATIONS = YES;
				CLANG_WARN_DIRECT_OBJC_ISA_USAGE = YES_ERROR;
				CLANG_WARN_DOCUMENTATION_COMMENTS = YES;
				CLANG_WARN_EMPTY_BODY = YES;
				CLANG_WARN_ENUM_CONVERSION = YES;
				CLANG_WARN_INFINITE_RECURSION = YES;
				CLANG_WARN_INT_CONVERSION = YES;
				CLANG_WARN_NON_LITERAL_NULL_CONVERSION = YES;
				CLANG_WARN_OBJC_IMPLICIT_RETAIN_SELF = YES;
				CLANG_WARN_OBJC_LITERAL_CONVERSION = YES;
				CLANG_WARN_OBJC_ROOT_CLASS = YES_ERROR;
				CLANG_WARN_RANGE_LOOP_ANALYSIS = YES;
				CLANG_WARN_STRICT_PROTOTYPES = YES;
				CLANG_WARN_SUSPICIOUS_MOVE = YES;
				CLANG_WARN_UNGUARDED_AVAILABILITY = YES_AGGRESSIVE;
				CLANG_WARN_UNREACHABLE_CODE = YES;
				CLANG_WARN__DUPLICATE_METHOD_MATCH = YES;
				CODE_SIGN_IDENTITY = "iPhone Developer";
				COPY_PHASE_STRIP = NO;
				DEBUG_INFORMATION_FORMAT = dwarf;
				ENABLE_STRICT_OBJC_MSGSEND = YES;
				ENABLE_TESTABILITY = YES;
				GCC_C_LANGUAGE_STANDARD = gnu11;
				GCC_DYNAMIC_NO_PIC = NO;
				GCC_NO_COMMON_BLOCKS = YES;
				GCC_OPTIMIZATION_LEVEL = 0;
				GCC_PREPROCESSOR_DEFINITIONS = (
					"DEBUG=1",
					"$(inherited)",
				);
				GCC_WARN_64_TO_32_BIT_CONVERSION = YES;
				GCC_WARN_ABOUT_RETURN_TYPE = YES_ERROR;
				GCC_WARN_UNDECLARED_SELECTOR = YES;
				GCC_WARN_UNINITIALIZED_AUTOS = YES_AGGRESSIVE;
				GCC_WARN_UNUSED_FUNCTION = YES;
				GCC_WARN_UNUSED_VARIABLE = YES;
				IPHONEOS_DEPLOYMENT_TARGET = 12.1;
				MTL_ENABLE_DEBUG_INFO = INCLUDE_SOURCE;
				MTL_FAST_MATH = YES;
				ONLY_ACTIVE_ARCH = YES;
				SDKROOT = iphoneos;
			};
			name = Debug;
		};
		D7E9A2A72272FC8A00CAEE53 /* Release */ = {
			isa = XCBuildConfiguration;
			buildSettings = {
				ALWAYS_SEARCH_USER_PATHS = NO;
				CLANG_ANALYZER_NONNULL = YES;
				CLANG_ANALYZER_NUMBER_OBJECT_CONVERSION = YES_AGGRESSIVE;
				CLANG_CXX_LANGUAGE_STANDARD = "gnu++14";
				CLANG_CXX_LIBRARY = "libc++";
				CLANG_ENABLE_MODULES = YES;
				CLANG_ENABLE_OBJC_ARC = YES;
				CLANG_ENABLE_OBJC_WEAK = YES;
				CLANG_WARN_BLOCK_CAPTURE_AUTORELEASING = YES;
				CLANG_WARN_BOOL_CONVERSION = YES;
				CLANG_WARN_COMMA = YES;
				CLANG_WARN_CONSTANT_CONVERSION = YES;
				CLANG_WARN_DEPRECATED_OBJC_IMPLEMENTATIONS = YES;
				CLANG_WARN_DIRECT_OBJC_ISA_USAGE = YES_ERROR;
				CLANG_WARN_DOCUMENTATION_COMMENTS = YES;
				CLANG_WARN_EMPTY_BODY = YES;
				CLANG_WARN_ENUM_CONVERSION = YES;
				CLANG_WARN_INFINITE_RECURSION = YES;
				CLANG_WARN_INT_CONVERSION = YES;
				CLANG_WARN_NON_LITERAL_NULL_CONVERSION = YES;
				CLANG_WARN_OBJC_IMPLICIT_RETAIN_SELF = YES;
				CLANG_WARN_OBJC_LITERAL_CONVERSION = YES;
				CLANG_WARN_OBJC_ROOT_CLASS = YES_ERROR;
				CLANG_WARN_RANGE_LOOP_ANALYSIS = YES;
				CLANG_WARN_STRICT_PROTOTYPES = YES;
				CLANG_WARN_SUSPICIOUS_MOVE = YES;
				CLANG_WARN_UNGUARDED_AVAILABILITY = YES_AGGRESSIVE;
				CLANG_WARN_UNREACHABLE_CODE = YES;
				CLANG_WARN__DUPLICATE_METHOD_MATCH = YES;
				CODE_SIGN_IDENTITY = "iPhone Developer";
				COPY_PHASE_STRIP = NO;
				DEBUG_INFORMATION_FORMAT = "dwarf-with-dsym";
				ENABLE_NS_ASSERTIONS = NO;
				ENABLE_STRICT_OBJC_MSGSEND = YES;
				GCC_C_LANGUAGE_STANDARD = gnu11;
				GCC_NO_COMMON_BLOCKS = YES;
				GCC_WARN_64_TO_32_BIT_CONVERSION = YES;
				GCC_WARN_ABOUT_RETURN_TYPE = YES_ERROR;
				GCC_WARN_UNDECLARED_SELECTOR = YES;
				GCC_WARN_UNINITIALIZED_AUTOS = YES_AGGRESSIVE;
				GCC_WARN_UNUSED_FUNCTION = YES;
				GCC_WARN_UNUSED_VARIABLE = YES;
				IPHONEOS_DEPLOYMENT_TARGET = 12.1;
				MTL_ENABLE_DEBUG_INFO = NO;
				MTL_FAST_MATH = YES;
				SDKROOT = iphoneos;
				VALIDATE_PRODUCT = YES;
			};
			name = Release;
		};
		D7E9A2A92272FC8A00CAEE53 /* Debug */ = {
			isa = XCBuildConfiguration;
			baseConfigurationReference = 12B301AE436DBE939E063DE3 /* Pods-GPKitDemo.debug.xcconfig */;
			buildSettings = {
				ASSETCATALOG_COMPILER_APPICON_NAME = AppIcon;
				ASSETCATALOG_COMPILER_LAUNCHIMAGE_NAME = LaunchImage;
				CODE_SIGN_STYLE = Automatic;
				DEVELOPMENT_TEAM = ZGJ864BUY8;
				GCC_PRECOMPILE_PREFIX_HEADER = YES;
				GCC_PREFIX_HEADER = "${SRCROOT}/${PROJECT}/Common/${PROJECT}.pch";
				INFOPLIST_FILE = "$(SRCROOT)/GPKitDemo/support/Info.plist";
				IPHONEOS_DEPLOYMENT_TARGET = 9.0;
				LD_RUNPATH_SEARCH_PATHS = (
					"$(inherited)",
					"@executable_path/Frameworks",
				);
				PRODUCT_BUNDLE_IDENTIFIER = com.gp2.gpkitdemo;
				PRODUCT_NAME = "$(TARGET_NAME)";
				TARGETED_DEVICE_FAMILY = "1,2";
			};
			name = Debug;
		};
		D7E9A2AA2272FC8A00CAEE53 /* Release */ = {
			isa = XCBuildConfiguration;
			baseConfigurationReference = 7269A762F0B477F4FBABA37D /* Pods-GPKitDemo.release.xcconfig */;
			buildSettings = {
				ASSETCATALOG_COMPILER_APPICON_NAME = AppIcon;
				ASSETCATALOG_COMPILER_LAUNCHIMAGE_NAME = LaunchImage;
				CODE_SIGN_STYLE = Automatic;
				DEVELOPMENT_TEAM = ZGJ864BUY8;
				GCC_PRECOMPILE_PREFIX_HEADER = YES;
				GCC_PREFIX_HEADER = "${SRCROOT}/${PROJECT}/Common/${PROJECT}.pch";
				INFOPLIST_FILE = "$(SRCROOT)/GPKitDemo/support/Info.plist";
				IPHONEOS_DEPLOYMENT_TARGET = 9.0;
				LD_RUNPATH_SEARCH_PATHS = (
					"$(inherited)",
					"@executable_path/Frameworks",
				);
				PRODUCT_BUNDLE_IDENTIFIER = com.gp2.gpkitdemo;
				PRODUCT_NAME = "$(TARGET_NAME)";
				TARGETED_DEVICE_FAMILY = "1,2";
			};
			name = Release;
		};
/* End XCBuildConfiguration section */

/* Begin XCConfigurationList section */
		D7E9A28D2272FC8900CAEE53 /* Build configuration list for PBXProject "GPKitDemo" */ = {
			isa = XCConfigurationList;
			buildConfigurations = (
				D7E9A2A62272FC8A00CAEE53 /* Debug */,
				D7E9A2A72272FC8A00CAEE53 /* Release */,
			);
			defaultConfigurationIsVisible = 0;
			defaultConfigurationName = Release;
		};
		D7E9A2A82272FC8A00CAEE53 /* Build configuration list for PBXNativeTarget "GPKitDemo" */ = {
			isa = XCConfigurationList;
			buildConfigurations = (
				D7E9A2A92272FC8A00CAEE53 /* Debug */,
				D7E9A2AA2272FC8A00CAEE53 /* Release */,
			);
			defaultConfigurationIsVisible = 0;
			defaultConfigurationName = Release;
		};
/* End XCConfigurationList section */
	};
	rootObject = D7E9A28A2272FC8900CAEE53 /* Project object */;
}
